
Microsoft Visual Studio Solution File, Format Version 12.00
# Visual Studio 14
VisualStudioVersion = 14.0.25420.1
MinimumVisualStudioVersion = 10.0.40219.1
Project("{FAE04EC0-301F-11D3-BF4B-00C04F79EFBC}") = "LoanToolAdmin", "LoanToolAdmin\LoanToolAdmin\LoanToolAdmin.csproj", "{735D6C99-614F-4755-8558-E5DA2BC172D0}"
EndProject
Project("{FAE04EC0-301F-11D3-BF4B-00C04F79EFBC}") = "LoanToolAdmin.Droid", "LoanToolAdmin\LoanToolAdmin.Droid\LoanToolAdmin.Droid.csproj", "{E980BFD5-37FF-41A6-A16C-7723CDF5E4EE}"
EndProject
Project("{FAE04EC0-301F-11D3-BF4B-00C04F79EFBC}") = "LoanToolAdmin.iOS", "LoanToolAdmin\LoanToolAdmin.iOS\LoanToolAdmin.iOS.csproj", "{061304AB-B3B8-410A-8264-AA9B9489CF6E}"
EndProject
Project("{FAE04EC0-301F-11D3-BF4B-00C04F79EFBC}") = "LoanToolAdmin.WinPhone", "LoanToolAdmin\LoanToolAdmin.WinPhone\LoanToolAdmin.WinPhone.csproj", "{5ED648DA-45EA-4718-B022-FE84B00D62E7}"
EndProject
Project("{FAE04EC0-301F-11D3-BF4B-00C04F79EFBC}") = "LoanToolAdmin.UWP", "LoanToolAdmin\LoanToolAdmin.UWP\LoanToolAdmin.UWP.csproj", "{F483C177-A021-4FA1-801C-7E9921644273}"
EndProject
Project("{FAE04EC0-301F-11D3-BF4B-00C04F79EFBC}") = "LoanToolAdmin.Windows", "LoanToolAdmin\LoanToolAdmin.Windows\LoanToolAdmin.Windows.csproj", "{9027CBB0-DFFB-4DAE-98E9-8C299F173825}"
EndProject
Global
	GlobalSection(SolutionConfigurationPlatforms) = preSolution
		Ad-Hoc|Any CPU = Ad-Hoc|Any CPU
		Ad-Hoc|ARM = Ad-Hoc|ARM
		Ad-Hoc|iPhone = Ad-Hoc|iPhone
		Ad-Hoc|iPhoneSimulator = Ad-Hoc|iPhoneSimulator
		Ad-Hoc|x64 = Ad-Hoc|x64
		Ad-Hoc|x86 = Ad-Hoc|x86
		AppStore|Any CPU = AppStore|Any CPU
		AppStore|ARM = AppStore|ARM
		AppStore|iPhone = AppStore|iPhone
		AppStore|iPhoneSimulator = AppStore|iPhoneSimulator
		AppStore|x64 = AppStore|x64
		AppStore|x86 = AppStore|x86
		Debug|Any CPU = Debug|Any CPU
		Debug|ARM = Debug|ARM
		Debug|iPhone = Debug|iPhone
		Debug|iPhoneSimulator = Debug|iPhoneSimulator
		Debug|x64 = Debug|x64
		Debug|x86 = Debug|x86
		Release|Any CPU = Release|Any CPU
		Release|ARM = Release|ARM
		Release|iPhone = Release|iPhone
		Release|iPhoneSimulator = Release|iPhoneSimulator
		Release|x64 = Release|x64
		Release|x86 = Release|x86
	EndGlobalSection
	GlobalSection(ProjectConfigurationPlatforms) = postSolution
		{735D6C99-614F-4755-8558-E5DA2BC172D0}.Ad-Hoc|Any CPU.ActiveCfg = Release|Any CPU
		{735D6C99-614F-4755-8558-E5DA2BC172D0}.Ad-Hoc|Any CPU.Build.0 = Release|Any CPU
		{735D6C99-614F-4755-8558-E5DA2BC172D0}.Ad-Hoc|ARM.ActiveCfg = Release|Any CPU
		{735D6C99-614F-4755-8558-E5DA2BC172D0}.Ad-Hoc|ARM.Build.0 = Release|Any CPU
		{735D6C99-614F-4755-8558-E5DA2BC172D0}.Ad-Hoc|iPhone.ActiveCfg = Release|Any CPU
		{735D6C99-614F-4755-8558-E5DA2BC172D0}.Ad-Hoc|iPhone.Build.0 = Release|Any CPU
		{735D6C99-614F-4755-8558-E5DA2BC172D0}.Ad-Hoc|iPhoneSimulator.ActiveCfg = Release|Any CPU
		{735D6C99-614F-4755-8558-E5DA2BC172D0}.Ad-Hoc|iPhoneSimulator.Build.0 = Release|Any CPU
		{735D6C99-614F-4755-8558-E5DA2BC172D0}.Ad-Hoc|x64.ActiveCfg = Release|Any CPU
		{735D6C99-614F-4755-8558-E5DA2BC172D0}.Ad-Hoc|x64.Build.0 = Release|Any CPU
		{735D6C99-614F-4755-8558-E5DA2BC172D0}.Ad-Hoc|x86.ActiveCfg = Release|Any CPU
		{735D6C99-614F-4755-8558-E5DA2BC172D0}.Ad-Hoc|x86.Build.0 = Release|Any CPU
		{735D6C99-614F-4755-8558-E5DA2BC172D0}.AppStore|Any CPU.ActiveCfg = Release|Any CPU
		{735D6C99-614F-4755-8558-E5DA2BC172D0}.AppStore|Any CPU.Build.0 = Release|Any CPU
		{735D6C99-614F-4755-8558-E5DA2BC172D0}.AppStore|ARM.ActiveCfg = Release|Any CPU
		{735D6C99-614F-4755-8558-E5DA2BC172D0}.AppStore|ARM.Build.0 = Release|Any CPU
		{735D6C99-614F-4755-8558-E5DA2BC172D0}.AppStore|iPhone.ActiveCfg = Release|Any CPU
		{735D6C99-614F-4755-8558-E5DA2BC172D0}.AppStore|iPhone.Build.0 = Release|Any CPU
		{735D6C99-614F-4755-8558-E5DA2BC172D0}.AppStore|iPhoneSimulator.ActiveCfg = Release|Any CPU
		{735D6C99-614F-4755-8558-E5DA2BC172D0}.AppStore|iPhoneSimulator.Build.0 = Release|Any CPU
		{735D6C99-614F-4755-8558-E5DA2BC172D0}.AppStore|x64.ActiveCfg = Release|Any CPU
		{735D6C99-614F-4755-8558-E5DA2BC172D0}.AppStore|x64.Build.0 = Release|Any CPU
		{735D6C99-614F-4755-8558-E5DA2BC172D0}.AppStore|x86.ActiveCfg = Release|Any CPU
		{735D6C99-614F-4755-8558-E5DA2BC172D0}.AppStore|x86.Build.0 = Release|Any CPU
		{735D6C99-614F-4755-8558-E5DA2BC172D0}.Debug|Any CPU.ActiveCfg = Debug|Any CPU
		{735D6C99-614F-4755-8558-E5DA2BC172D0}.Debug|Any CPU.Build.0 = Debug|Any CPU
		{735D6C99-614F-4755-8558-E5DA2BC172D0}.Debug|ARM.ActiveCfg = Debug|Any CPU
		{735D6C99-614F-4755-8558-E5DA2BC172D0}.Debug|ARM.Build.0 = Debug|Any CPU
		{735D6C99-614F-4755-8558-E5DA2BC172D0}.Debug|iPhone.ActiveCfg = Debug|Any CPU
		{735D6C99-614F-4755-8558-E5DA2BC172D0}.Debug|iPhone.Build.0 = Debug|Any CPU
		{735D6C99-614F-4755-8558-E5DA2BC172D0}.Debug|iPhoneSimulator.ActiveCfg = Debug|Any CPU
		{735D6C99-614F-4755-8558-E5DA2BC172D0}.Debug|iPhoneSimulator.Build.0 = Debug|Any CPU
		{735D6C99-614F-4755-8558-E5DA2BC172D0}.Debug|x64.ActiveCfg = Debug|Any CPU
		{735D6C99-614F-4755-8558-E5DA2BC172D0}.Debug|x64.Build.0 = Debug|Any CPU
		{735D6C99-614F-4755-8558-E5DA2BC172D0}.Debug|x86.ActiveCfg = Debug|Any CPU
		{735D6C99-614F-4755-8558-E5DA2BC172D0}.Debug|x86.Build.0 = Debug|Any CPU
		{735D6C99-614F-4755-8558-E5DA2BC172D0}.Release|Any CPU.ActiveCfg = Release|Any CPU
		{735D6C99-614F-4755-8558-E5DA2BC172D0}.Release|Any CPU.Build.0 = Release|Any CPU
		{735D6C99-614F-4755-8558-E5DA2BC172D0}.Release|ARM.ActiveCfg = Release|Any CPU
		{735D6C99-614F-4755-8558-E5DA2BC172D0}.Release|ARM.Build.0 = Release|Any CPU
		{735D6C99-614F-4755-8558-E5DA2BC172D0}.Release|iPhone.ActiveCfg = Release|Any CPU
		{735D6C99-614F-4755-8558-E5DA2BC172D0}.Release|iPhone.Build.0 = Release|Any CPU
		{735D6C99-614F-4755-8558-E5DA2BC172D0}.Release|iPhoneSimulator.ActiveCfg = Release|Any CPU
		{735D6C99-614F-4755-8558-E5DA2BC172D0}.Release|iPhoneSimulator.Build.0 = Release|Any CPU
		{735D6C99-614F-4755-8558-E5DA2BC172D0}.Release|x64.ActiveCfg = Release|Any CPU
		{735D6C99-614F-4755-8558-E5DA2BC172D0}.Release|x64.Build.0 = Release|Any CPU
		{735D6C99-614F-4755-8558-E5DA2BC172D0}.Release|x86.ActiveCfg = Release|Any CPU
		{735D6C99-614F-4755-8558-E5DA2BC172D0}.Release|x86.Build.0 = Release|Any CPU
		{E980BFD5-37FF-41A6-A16C-7723CDF5E4EE}.Ad-Hoc|Any CPU.ActiveCfg = Release|Any CPU
		{E980BFD5-37FF-41A6-A16C-7723CDF5E4EE}.Ad-Hoc|Any CPU.Build.0 = Release|Any CPU
		{E980BFD5-37FF-41A6-A16C-7723CDF5E4EE}.Ad-Hoc|Any CPU.Deploy.0 = Release|Any CPU
		{E980BFD5-37FF-41A6-A16C-7723CDF5E4EE}.Ad-Hoc|ARM.ActiveCfg = Release|Any CPU
		{E980BFD5-37FF-41A6-A16C-7723CDF5E4EE}.Ad-Hoc|ARM.Build.0 = Release|Any CPU
		{E980BFD5-37FF-41A6-A16C-7723CDF5E4EE}.Ad-Hoc|ARM.Deploy.0 = Release|Any CPU
		{E980BFD5-37FF-41A6-A16C-7723CDF5E4EE}.Ad-Hoc|iPhone.ActiveCfg = Release|Any CPU
		{E980BFD5-37FF-41A6-A16C-7723CDF5E4EE}.Ad-Hoc|iPhone.Build.0 = Release|Any CPU
		{E980BFD5-37FF-41A6-A16C-7723CDF5E4EE}.Ad-Hoc|iPhone.Deploy.0 = Release|Any CPU
		{E980BFD5-37FF-41A6-A16C-7723CDF5E4EE}.Ad-Hoc|iPhoneSimulator.ActiveCfg = Release|Any CPU
		{E980BFD5-37FF-41A6-A16C-7723CDF5E4EE}.Ad-Hoc|iPhoneSimulator.Build.0 = Release|Any CPU
		{E980BFD5-37FF-41A6-A16C-7723CDF5E4EE}.Ad-Hoc|iPhoneSimulator.Deploy.0 = Release|Any CPU
		{E980BFD5-37FF-41A6-A16C-7723CDF5E4EE}.Ad-Hoc|x64.ActiveCfg = Release|Any CPU
		{E980BFD5-37FF-41A6-A16C-7723CDF5E4EE}.Ad-Hoc|x64.Build.0 = Release|Any CPU
		{E980BFD5-37FF-41A6-A16C-7723CDF5E4EE}.Ad-Hoc|x64.Deploy.0 = Release|Any CPU
		{E980BFD5-37FF-41A6-A16C-7723CDF5E4EE}.Ad-Hoc|x86.ActiveCfg = Release|Any CPU
		{E980BFD5-37FF-41A6-A16C-7723CDF5E4EE}.Ad-Hoc|x86.Build.0 = Release|Any CPU
		{E980BFD5-37FF-41A6-A16C-7723CDF5E4EE}.Ad-Hoc|x86.Deploy.0 = Release|Any CPU
		{E980BFD5-37FF-41A6-A16C-7723CDF5E4EE}.AppStore|Any CPU.ActiveCfg = Release|Any CPU
		{E980BFD5-37FF-41A6-A16C-7723CDF5E4EE}.AppStore|Any CPU.Build.0 = Release|Any CPU
		{E980BFD5-37FF-41A6-A16C-7723CDF5E4EE}.AppStore|Any CPU.Deploy.0 = Release|Any CPU
		{E980BFD5-37FF-41A6-A16C-7723CDF5E4EE}.AppStore|ARM.ActiveCfg = Release|Any CPU
		{E980BFD5-37FF-41A6-A16C-7723CDF5E4EE}.AppStore|ARM.Build.0 = Release|Any CPU
		{E980BFD5-37FF-41A6-A16C-7723CDF5E4EE}.AppStore|ARM.Deploy.0 = Release|Any CPU
		{E980BFD5-37FF-41A6-A16C-7723CDF5E4EE}.AppStore|iPhone.ActiveCfg = Release|Any CPU
		{E980BFD5-37FF-41A6-A16C-7723CDF5E4EE}.AppStore|iPhone.Build.0 = Release|Any CPU
		{E980BFD5-37FF-41A6-A16C-7723CDF5E4EE}.AppStore|iPhone.Deploy.0 = Release|Any CPU
		{E980BFD5-37FF-41A6-A16C-7723CDF5E4EE}.AppStore|iPhoneSimulator.ActiveCfg = Release|Any CPU
		{E980BFD5-37FF-41A6-A16C-7723CDF5E4EE}.AppStore|iPhoneSimulator.Build.0 = Release|Any CPU
		{E980BFD5-37FF-41A6-A16C-7723CDF5E4EE}.AppStore|iPhoneSimulator.Deploy.0 = Release|Any CPU
		{E980BFD5-37FF-41A6-A16C-7723CDF5E4EE}.AppStore|x64.ActiveCfg = Release|Any CPU
		{E980BFD5-37FF-41A6-A16C-7723CDF5E4EE}.AppStore|x64.Build.0 = Release|Any CPU
		{E980BFD5-37FF-41A6-A16C-7723CDF5E4EE}.AppStore|x64.Deploy.0 = Release|Any CPU
		{E980BFD5-37FF-41A6-A16C-7723CDF5E4EE}.AppStore|x86.ActiveCfg = Release|Any CPU
		{E980BFD5-37FF-41A6-A16C-7723CDF5E4EE}.AppStore|x86.Build.0 = Release|Any CPU
		{E980BFD5-37FF-41A6-A16C-7723CDF5E4EE}.AppStore|x86.Deploy.0 = Release|Any CPU
		{E980BFD5-37FF-41A6-A16C-7723CDF5E4EE}.Debug|Any CPU.ActiveCfg = Debug|Any CPU
		{E980BFD5-37FF-41A6-A16C-7723CDF5E4EE}.Debug|Any CPU.Build.0 = Debug|Any CPU
		{E980BFD5-37FF-41A6-A16C-7723CDF5E4EE}.Debug|Any CPU.Deploy.0 = Debug|Any CPU
		{E980BFD5-37FF-41A6-A16C-7723CDF5E4EE}.Debug|ARM.ActiveCfg = Debug|Any CPU
		{E980BFD5-37FF-41A6-A16C-7723CDF5E4EE}.Debug|ARM.Build.0 = Debug|Any CPU
		{E980BFD5-37FF-41A6-A16C-7723CDF5E4EE}.Debug|ARM.Deploy.0 = Debug|Any CPU
		{E980BFD5-37FF-41A6-A16C-7723CDF5E4EE}.Debug|iPhone.ActiveCfg = Debug|Any CPU
		{E980BFD5-37FF-41A6-A16C-7723CDF5E4EE}.Debug|iPhone.Build.0 = Debug|Any CPU
		{E980BFD5-37FF-41A6-A16C-7723CDF5E4EE}.Debug|iPhone.Deploy.0 = Debug|Any CPU
		{E980BFD5-37FF-41A6-A16C-7723CDF5E4EE}.Debug|iPhoneSimulator.ActiveCfg = Debug|Any CPU
		{E980BFD5-37FF-41A6-A16C-7723CDF5E4EE}.Debug|iPhoneSimulator.Build.0 = Debug|Any CPU
		{E980BFD5-37FF-41A6-A16C-7723CDF5E4EE}.Debug|iPhoneSimulator.Deploy.0 = Debug|Any CPU
		{E980BFD5-37FF-41A6-A16C-7723CDF5E4EE}.Debug|x64.ActiveCfg = Debug|Any CPU
		{E980BFD5-37FF-41A6-A16C-7723CDF5E4EE}.Debug|x64.Build.0 = Debug|Any CPU
		{E980BFD5-37FF-41A6-A16C-7723CDF5E4EE}.Debug|x64.Deploy.0 = Debug|Any CPU
		{E980BFD5-37FF-41A6-A16C-7723CDF5E4EE}.Debug|x86.ActiveCfg = Debug|Any CPU
		{E980BFD5-37FF-41A6-A16C-7723CDF5E4EE}.Debug|x86.Build.0 = Debug|Any CPU
		{E980BFD5-37FF-41A6-A16C-7723CDF5E4EE}.Debug|x86.Deploy.0 = Debug|Any CPU
		{E980BFD5-37FF-41A6-A16C-7723CDF5E4EE}.Release|Any CPU.ActiveCfg = Release|Any CPU
		{E980BFD5-37FF-41A6-A16C-7723CDF5E4EE}.Release|Any CPU.Build.0 = Release|Any CPU
		{E980BFD5-37FF-41A6-A16C-7723CDF5E4EE}.Release|Any CPU.Deploy.0 = Release|Any CPU
		{E980BFD5-37FF-41A6-A16C-7723CDF5E4EE}.Release|ARM.ActiveCfg = Release|Any CPU
		{E980BFD5-37FF-41A6-A16C-7723CDF5E4EE}.Release|ARM.Build.0 = Release|Any CPU
		{E980BFD5-37FF-41A6-A16C-7723CDF5E4EE}.Release|ARM.Deploy.0 = Release|Any CPU
		{E980BFD5-37FF-41A6-A16C-7723CDF5E4EE}.Release|iPhone.ActiveCfg = Release|Any CPU
		{E980BFD5-37FF-41A6-A16C-7723CDF5E4EE}.Release|iPhone.Build.0 = Release|Any CPU
		{E980BFD5-37FF-41A6-A16C-7723CDF5E4EE}.Release|iPhone.Deploy.0 = Release|Any CPU
		{E980BFD5-37FF-41A6-A16C-7723CDF5E4EE}.Release|iPhoneSimulator.ActiveCfg = Release|Any CPU
		{E980BFD5-37FF-41A6-A16C-7723CDF5E4EE}.Release|iPhoneSimulator.Build.0 = Release|Any CPU
		{E980BFD5-37FF-41A6-A16C-7723CDF5E4EE}.Release|iPhoneSimulator.Deploy.0 = Release|Any CPU
		{E980BFD5-37FF-41A6-A16C-7723CDF5E4EE}.Release|x64.ActiveCfg = Release|Any CPU
		{E980BFD5-37FF-41A6-A16C-7723CDF5E4EE}.Release|x64.Build.0 = Release|Any CPU
		{E980BFD5-37FF-41A6-A16C-7723CDF5E4EE}.Release|x64.Deploy.0 = Release|Any CPU
		{E980BFD5-37FF-41A6-A16C-7723CDF5E4EE}.Release|x86.ActiveCfg = Release|Any CPU
		{E980BFD5-37FF-41A6-A16C-7723CDF5E4EE}.Release|x86.Build.0 = Release|Any CPU
		{E980BFD5-37FF-41A6-A16C-7723CDF5E4EE}.Release|x86.Deploy.0 = Release|Any CPU
		{061304AB-B3B8-410A-8264-AA9B9489CF6E}.Ad-Hoc|Any CPU.ActiveCfg = Ad-Hoc|iPhone
		{061304AB-B3B8-410A-8264-AA9B9489CF6E}.Ad-Hoc|ARM.ActiveCfg = Ad-Hoc|iPhone
		{061304AB-B3B8-410A-8264-AA9B9489CF6E}.Ad-Hoc|iPhone.ActiveCfg = Ad-Hoc|iPhone
		{061304AB-B3B8-410A-8264-AA9B9489CF6E}.Ad-Hoc|iPhone.Build.0 = Ad-Hoc|iPhone
		{061304AB-B3B8-410A-8264-AA9B9489CF6E}.Ad-Hoc|iPhoneSimulator.ActiveCfg = Ad-Hoc|iPhoneSimulator
		{061304AB-B3B8-410A-8264-AA9B9489CF6E}.Ad-Hoc|iPhoneSimulator.Build.0 = Ad-Hoc|iPhoneSimulator
		{061304AB-B3B8-410A-8264-AA9B9489CF6E}.Ad-Hoc|x64.ActiveCfg = Ad-Hoc|iPhone
		{061304AB-B3B8-410A-8264-AA9B9489CF6E}.Ad-Hoc|x86.ActiveCfg = Ad-Hoc|iPhone
		{061304AB-B3B8-410A-8264-AA9B9489CF6E}.AppStore|Any CPU.ActiveCfg = AppStore|iPhone
		{061304AB-B3B8-410A-8264-AA9B9489CF6E}.AppStore|ARM.ActiveCfg = AppStore|iPhone
		{061304AB-B3B8-410A-8264-AA9B9489CF6E}.AppStore|iPhone.ActiveCfg = AppStore|iPhone
		{061304AB-B3B8-410A-8264-AA9B9489CF6E}.AppStore|iPhone.Build.0 = AppStore|iPhone
		{061304AB-B3B8-410A-8264-AA9B9489CF6E}.AppStore|iPhoneSimulator.ActiveCfg = AppStore|iPhoneSimulator
		{061304AB-B3B8-410A-8264-AA9B9489CF6E}.AppStore|iPhoneSimulator.Build.0 = AppStore|iPhoneSimulator
		{061304AB-B3B8-410A-8264-AA9B9489CF6E}.AppStore|x64.ActiveCfg = AppStore|iPhone
		{061304AB-B3B8-410A-8264-AA9B9489CF6E}.AppStore|x86.ActiveCfg = AppStore|iPhone
		{061304AB-B3B8-410A-8264-AA9B9489CF6E}.Debug|Any CPU.ActiveCfg = Debug|iPhone
		{061304AB-B3B8-410A-8264-AA9B9489CF6E}.Debug|ARM.ActiveCfg = Debug|iPhone
		{061304AB-B3B8-410A-8264-AA9B9489CF6E}.Debug|iPhone.ActiveCfg = Debug|iPhone
		{061304AB-B3B8-410A-8264-AA9B9489CF6E}.Debug|iPhone.Build.0 = Debug|iPhone
		{061304AB-B3B8-410A-8264-AA9B9489CF6E}.Debug|iPhoneSimulator.ActiveCfg = Debug|iPhoneSimulator
		{061304AB-B3B8-410A-8264-AA9B9489CF6E}.Debug|iPhoneSimulator.Build.0 = Debug|iPhoneSimulator
		{061304AB-B3B8-410A-8264-AA9B9489CF6E}.Debug|x64.ActiveCfg = Debug|iPhone
		{061304AB-B3B8-410A-8264-AA9B9489CF6E}.Debug|x86.ActiveCfg = Debug|iPhone
		{061304AB-B3B8-410A-8264-AA9B9489CF6E}.Release|Any CPU.ActiveCfg = Release|iPhone
		{061304AB-B3B8-410A-8264-AA9B9489CF6E}.Release|ARM.ActiveCfg = Release|iPhone
		{061304AB-B3B8-410A-8264-AA9B9489CF6E}.Release|iPhone.ActiveCfg = Release|iPhone
		{061304AB-B3B8-410A-8264-AA9B9489CF6E}.Release|iPhone.Build.0 = Release|iPhone
		{061304AB-B3B8-410A-8264-AA9B9489CF6E}.Release|iPhoneSimulator.ActiveCfg = Release|iPhoneSimulator
		{061304AB-B3B8-410A-8264-AA9B9489CF6E}.Release|iPhoneSimulator.Build.0 = Release|iPhoneSimulator
		{061304AB-B3B8-410A-8264-AA9B9489CF6E}.Release|x64.ActiveCfg = Release|iPhone
		{061304AB-B3B8-410A-8264-AA9B9489CF6E}.Release|x86.ActiveCfg = Release|iPhone
		{5ED648DA-45EA-4718-B022-FE84B00D62E7}.Ad-Hoc|Any CPU.ActiveCfg = Release|Any CPU
		{5ED648DA-45EA-4718-B022-FE84B00D62E7}.Ad-Hoc|Any CPU.Build.0 = Release|Any CPU
		{5ED648DA-45EA-4718-B022-FE84B00D62E7}.Ad-Hoc|Any CPU.Deploy.0 = Release|Any CPU
		{5ED648DA-45EA-4718-B022-FE84B00D62E7}.Ad-Hoc|ARM.ActiveCfg = Release|ARM
		{5ED648DA-45EA-4718-B022-FE84B00D62E7}.Ad-Hoc|ARM.Build.0 = Release|ARM
		{5ED648DA-45EA-4718-B022-FE84B00D62E7}.Ad-Hoc|ARM.Deploy.0 = Release|ARM
		{5ED648DA-45EA-4718-B022-FE84B00D62E7}.Ad-Hoc|iPhone.ActiveCfg = Release|Any CPU
		{5ED648DA-45EA-4718-B022-FE84B00D62E7}.Ad-Hoc|iPhone.Build.0 = Release|Any CPU
		{5ED648DA-45EA-4718-B022-FE84B00D62E7}.Ad-Hoc|iPhone.Deploy.0 = Release|Any CPU
		{5ED648DA-45EA-4718-B022-FE84B00D62E7}.Ad-Hoc|iPhoneSimulator.ActiveCfg = Release|Any CPU
		{5ED648DA-45EA-4718-B022-FE84B00D62E7}.Ad-Hoc|iPhoneSimulator.Build.0 = Release|Any CPU
		{5ED648DA-45EA-4718-B022-FE84B00D62E7}.Ad-Hoc|iPhoneSimulator.Deploy.0 = Release|Any CPU
		{5ED648DA-45EA-4718-B022-FE84B00D62E7}.Ad-Hoc|x64.ActiveCfg = Release|Any CPU
		{5ED648DA-45EA-4718-B022-FE84B00D62E7}.Ad-Hoc|x64.Build.0 = Release|Any CPU
		{5ED648DA-45EA-4718-B022-FE84B00D62E7}.Ad-Hoc|x64.Deploy.0 = Release|Any CPU
		{5ED648DA-45EA-4718-B022-FE84B00D62E7}.Ad-Hoc|x86.ActiveCfg = Release|x86
		{5ED648DA-45EA-4718-B022-FE84B00D62E7}.Ad-Hoc|x86.Build.0 = Release|x86
		{5ED648DA-45EA-4718-B022-FE84B00D62E7}.Ad-Hoc|x86.Deploy.0 = Release|x86
		{5ED648DA-45EA-4718-B022-FE84B00D62E7}.AppStore|Any CPU.ActiveCfg = Release|Any CPU
		{5ED648DA-45EA-4718-B022-FE84B00D62E7}.AppStore|Any CPU.Build.0 = Release|Any CPU
		{5ED648DA-45EA-4718-B022-FE84B00D62E7}.AppStore|Any CPU.Deploy.0 = Release|Any CPU
		{5ED648DA-45EA-4718-B022-FE84B00D62E7}.AppStore|ARM.ActiveCfg = Release|ARM
		{5ED648DA-45EA-4718-B022-FE84B00D62E7}.AppStore|ARM.Build.0 = Release|ARM
		{5ED648DA-45EA-4718-B022-FE84B00D62E7}.AppStore|ARM.Deploy.0 = Release|ARM
		{5ED648DA-45EA-4718-B022-FE84B00D62E7}.AppStore|iPhone.ActiveCfg = Release|Any CPU
		{5ED648DA-45EA-4718-B022-FE84B00D62E7}.AppStore|iPhone.Build.0 = Release|Any CPU
		{5ED648DA-45EA-4718-B022-FE84B00D62E7}.AppStore|iPhone.Deploy.0 = Release|Any CPU
		{5ED648DA-45EA-4718-B022-FE84B00D62E7}.AppStore|iPhoneSimulator.ActiveCfg = Release|Any CPU
		{5ED648DA-45EA-4718-B022-FE84B00D62E7}.AppStore|iPhoneSimulator.Build.0 = Release|Any CPU
		{5ED648DA-45EA-4718-B022-FE84B00D62E7}.AppStore|iPhoneSimulator.Deploy.0 = Release|Any CPU
		{5ED648DA-45EA-4718-B022-FE84B00D62E7}.AppStore|x64.ActiveCfg = Release|Any CPU
		{5ED648DA-45EA-4718-B022-FE84B00D62E7}.AppStore|x64.Build.0 = Release|Any CPU
		{5ED648DA-45EA-4718-B022-FE84B00D62E7}.AppStore|x64.Deploy.0 = Release|Any CPU
		{5ED648DA-45EA-4718-B022-FE84B00D62E7}.AppStore|x86.ActiveCfg = Release|x86
		{5ED648DA-45EA-4718-B022-FE84B00D62E7}.AppStore|x86.Build.0 = Release|x86
		{5ED648DA-45EA-4718-B022-FE84B00D62E7}.AppStore|x86.Deploy.0 = Release|x86
		{5ED648DA-45EA-4718-B022-FE84B00D62E7}.Debug|Any CPU.ActiveCfg = Debug|Any CPU
		{5ED648DA-45EA-4718-B022-FE84B00D62E7}.Debug|Any CPU.Build.0 = Debug|Any CPU
		{5ED648DA-45EA-4718-B022-FE84B00D62E7}.Debug|Any CPU.Deploy.0 = Debug|Any CPU
		{5ED648DA-45EA-4718-B022-FE84B00D62E7}.Debug|ARM.ActiveCfg = Debug|ARM
		{5ED648DA-45EA-4718-B022-FE84B00D62E7}.Debug|ARM.Build.0 = Debug|ARM
		{5ED648DA-45EA-4718-B022-FE84B00D62E7}.Debug|ARM.Deploy.0 = Debug|ARM
		{5ED648DA-45EA-4718-B022-FE84B00D62E7}.Debug|iPhone.ActiveCfg = Debug|Any CPU
		{5ED648DA-45EA-4718-B022-FE84B00D62E7}.Debug|iPhone.Build.0 = Debug|Any CPU
		{5ED648DA-45EA-4718-B022-FE84B00D62E7}.Debug|iPhone.Deploy.0 = Debug|Any CPU
		{5ED648DA-45EA-4718-B022-FE84B00D62E7}.Debug|iPhoneSimulator.ActiveCfg = Debug|Any CPU
		{5ED648DA-45EA-4718-B022-FE84B00D62E7}.Debug|iPhoneSimulator.Build.0 = Debug|Any CPU
		{5ED648DA-45EA-4718-B022-FE84B00D62E7}.Debug|iPhoneSimulator.Deploy.0 = Debug|Any CPU
		{5ED648DA-45EA-4718-B022-FE84B00D62E7}.Debug|x64.ActiveCfg = Debug|Any CPU
		{5ED648DA-45EA-4718-B022-FE84B00D62E7}.Debug|x64.Build.0 = Debug|Any CPU
		{5ED648DA-45EA-4718-B022-FE84B00D62E7}.Debug|x64.Deploy.0 = Debug|Any CPU
		{5ED648DA-45EA-4718-B022-FE84B00D62E7}.Debug|x86.ActiveCfg = Debug|x86
		{5ED648DA-45EA-4718-B022-FE84B00D62E7}.Debug|x86.Build.0 = Debug|x86
		{5ED648DA-45EA-4718-B022-FE84B00D62E7}.Debug|x86.Deploy.0 = Debug|x86
		{5ED648DA-45EA-4718-B022-FE84B00D62E7}.Release|Any CPU.ActiveCfg = Release|Any CPU
		{5ED648DA-45EA-4718-B022-FE84B00D62E7}.Release|Any CPU.Build.0 = Release|Any CPU
		{5ED648DA-45EA-4718-B022-FE84B00D62E7}.Release|Any CPU.Deploy.0 = Release|Any CPU
		{5ED648DA-45EA-4718-B022-FE84B00D62E7}.Release|ARM.ActiveCfg = Release|ARM
		{5ED648DA-45EA-4718-B022-FE84B00D62E7}.Release|ARM.Build.0 = Release|ARM
		{5ED648DA-45EA-4718-B022-FE84B00D62E7}.Release|ARM.Deploy.0 = Release|ARM
		{5ED648DA-45EA-4718-B022-FE84B00D62E7}.Release|iPhone.ActiveCfg = Release|Any CPU
		{5ED648DA-45EA-4718-B022-FE84B00D62E7}.Release|iPhone.Build.0 = Release|Any CPU
		{5ED648DA-45EA-4718-B022-FE84B00D62E7}.Release|iPhone.Deploy.0 = Release|Any CPU
		{5ED648DA-45EA-4718-B022-FE84B00D62E7}.Release|iPhoneSimulator.ActiveCfg = Release|Any CPU
		{5ED648DA-45EA-4718-B022-FE84B00D62E7}.Release|iPhoneSimulator.Build.0 = Release|Any CPU
		{5ED648DA-45EA-4718-B022-FE84B00D62E7}.Release|iPhoneSimulator.Deploy.0 = Release|Any CPU
		{5ED648DA-45EA-4718-B022-FE84B00D62E7}.Release|x64.ActiveCfg = Release|Any CPU
		{5ED648DA-45EA-4718-B022-FE84B00D62E7}.Release|x64.Build.0 = Release|Any CPU
		{5ED648DA-45EA-4718-B022-FE84B00D62E7}.Release|x64.Deploy.0 = Release|Any CPU
		{5ED648DA-45EA-4718-B022-FE84B00D62E7}.Release|x86.ActiveCfg = Release|x86
		{5ED648DA-45EA-4718-B022-FE84B00D62E7}.Release|x86.Build.0 = Release|x86
		{5ED648DA-45EA-4718-B022-FE84B00D62E7}.Release|x86.Deploy.0 = Release|x86
		{F483C177-A021-4FA1-801C-7E9921644273}.Ad-Hoc|Any CPU.ActiveCfg = Release|x86
		{F483C177-A021-4FA1-801C-7E9921644273}.Ad-Hoc|Any CPU.Build.0 = Release|x86
		{F483C177-A021-4FA1-801C-7E9921644273}.Ad-Hoc|Any CPU.Deploy.0 = Release|x86
		{F483C177-A021-4FA1-801C-7E9921644273}.Ad-Hoc|ARM.ActiveCfg = Release|ARM
		{F483C177-A021-4FA1-801C-7E9921644273}.Ad-Hoc|ARM.Build.0 = Release|ARM
		{F483C177-A021-4FA1-801C-7E9921644273}.Ad-Hoc|ARM.Deploy.0 = Release|ARM
		{F483C177-A021-4FA1-801C-7E9921644273}.Ad-Hoc|iPhone.ActiveCfg = Release|x86
		{F483C177-A021-4FA1-801C-7E9921644273}.Ad-Hoc|iPhone.Build.0 = Release|x86
		{F483C177-A021-4FA1-801C-7E9921644273}.Ad-Hoc|iPhone.Deploy.0 = Release|x86
		{F483C177-A021-4FA1-801C-7E9921644273}.Ad-Hoc|iPhoneSimulator.ActiveCfg = Release|x86
		{F483C177-A021-4FA1-801C-7E9921644273}.Ad-Hoc|iPhoneSimulator.Build.0 = Release|x86
		{F483C177-A021-4FA1-801C-7E9921644273}.Ad-Hoc|iPhoneSimulator.Deploy.0 = Release|x86
		{F483C177-A021-4FA1-801C-7E9921644273}.Ad-Hoc|x64.ActiveCfg = Release|x64
		{F483C177-A021-4FA1-801C-7E9921644273}.Ad-Hoc|x64.Build.0 = Release|x64
		{F483C177-A021-4FA1-801C-7E9921644273}.Ad-Hoc|x64.Deploy.0 = Release|x64
		{F483C177-A021-4FA1-801C-7E9921644273}.Ad-Hoc|x86.ActiveCfg = Release|x86
		{F483C177-A021-4FA1-801C-7E9921644273}.Ad-Hoc|x86.Build.0 = Release|x86
		{F483C177-A021-4FA1-801C-7E9921644273}.Ad-Hoc|x86.Deploy.0 = Release|x86
		{F483C177-A021-4FA1-801C-7E9921644273}.AppStore|Any CPU.ActiveCfg = Release|x86
		{F483C177-A021-4FA1-801C-7E9921644273}.AppStore|Any CPU.Build.0 = Release|x86
		{F483C177-A021-4FA1-801C-7E9921644273}.AppStore|Any CPU.Deploy.0 = Release|x86
		{F483C177-A021-4FA1-801C-7E9921644273}.AppStore|ARM.ActiveCfg = Release|ARM
		{F483C177-A021-4FA1-801C-7E9921644273}.AppStore|ARM.Build.0 = Release|ARM
		{F483C177-A021-4FA1-801C-7E9921644273}.AppStore|ARM.Deploy.0 = Release|ARM
		{F483C177-A021-4FA1-801C-7E9921644273}.AppStore|iPhone.ActiveCfg = Release|x86
		{F483C177-A021-4FA1-801C-7E9921644273}.AppStore|iPhone.Build.0 = Release|x86
		{F483C177-A021-4FA1-801C-7E9921644273}.AppStore|iPhone.Deploy.0 = Release|x86
		{F483C177-A021-4FA1-801C-7E9921644273}.AppStore|iPhoneSimulator.ActiveCfg = Release|x86
		{F483C177-A021-4FA1-801C-7E9921644273}.AppStore|iPhoneSimulator.Build.0 = Release|x86
		{F483C177-A021-4FA1-801C-7E9921644273}.AppStore|iPhoneSimulator.Deploy.0 = Release|x86
		{F483C177-A021-4FA1-801C-7E9921644273}.AppStore|x64.ActiveCfg = Release|x64
		{F483C177-A021-4FA1-801C-7E9921644273}.AppStore|x64.Build.0 = Release|x64
		{F483C177-A021-4FA1-801C-7E9921644273}.AppStore|x64.Deploy.0 = Release|x64
		{F483C177-A021-4FA1-801C-7E9921644273}.AppStore|x86.ActiveCfg = Release|x86
		{F483C177-A021-4FA1-801C-7E9921644273}.AppStore|x86.Build.0 = Release|x86
		{F483C177-A021-4FA1-801C-7E9921644273}.AppStore|x86.Deploy.0 = Release|x86
		{F483C177-A021-4FA1-801C-7E9921644273}.Debug|Any CPU.ActiveCfg = Debug|x86
		{F483C177-A021-4FA1-801C-7E9921644273}.Debug|ARM.ActiveCfg = Debug|ARM
		{F483C177-A021-4FA1-801C-7E9921644273}.Debug|ARM.Build.0 = Debug|ARM
		{F483C177-A021-4FA1-801C-7E9921644273}.Debug|ARM.Deploy.0 = Debug|ARM
		{F483C177-A021-4FA1-801C-7E9921644273}.Debug|iPhone.ActiveCfg = Debug|x86
		{F483C177-A021-4FA1-801C-7E9921644273}.Debug|iPhoneSimulator.ActiveCfg = Debug|x86
		{F483C177-A021-4FA1-801C-7E9921644273}.Debug|x64.ActiveCfg = Debug|x64
		{F483C177-A021-4FA1-801C-7E9921644273}.Debug|x64.Build.0 = Debug|x64
		{F483C177-A021-4FA1-801C-7E9921644273}.Debug|x64.Deploy.0 = Debug|x64
		{F483C177-A021-4FA1-801C-7E9921644273}.Debug|x86.ActiveCfg = Debug|x86
		{F483C177-A021-4FA1-801C-7E9921644273}.Debug|x86.Build.0 = Debug|x86
		{F483C177-A021-4FA1-801C-7E9921644273}.Debug|x86.Deploy.0 = Debug|x86
		{F483C177-A021-4FA1-801C-7E9921644273}.Release|Any CPU.ActiveCfg = Release|x86
		{F483C177-A021-4FA1-801C-7E9921644273}.Release|ARM.ActiveCfg = Release|ARM
		{F483C177-A021-4FA1-801C-7E9921644273}.Release|ARM.Build.0 = Release|ARM
		{F483C177-A021-4FA1-801C-7E9921644273}.Release|ARM.Deploy.0 = Release|ARM
		{F483C177-A021-4FA1-801C-7E9921644273}.Release|iPhone.ActiveCfg = Release|x86
		{F483C177-A021-4FA1-801C-7E9921644273}.Release|iPhoneSimulator.ActiveCfg = Release|x86
		{F483C177-A021-4FA1-801C-7E9921644273}.Release|x64.ActiveCfg = Release|x64
		{F483C177-A021-4FA1-801C-7E9921644273}.Release|x64.Build.0 = Release|x64
		{F483C177-A021-4FA1-801C-7E9921644273}.Release|x64.Deploy.0 = Release|x64
		{F483C177-A021-4FA1-801C-7E9921644273}.Release|x86.ActiveCfg = Release|x86
		{F483C177-A021-4FA1-801C-7E9921644273}.Release|x86.Build.0 = Release|x86
		{F483C177-A021-4FA1-801C-7E9921644273}.Release|x86.Deploy.0 = Release|x86
		{9027CBB0-DFFB-4DAE-98E9-8C299F173825}.Ad-Hoc|Any CPU.ActiveCfg = Release|Any CPU
		{9027CBB0-DFFB-4DAE-98E9-8C299F173825}.Ad-Hoc|Any CPU.Build.0 = Release|Any CPU
		{9027CBB0-DFFB-4DAE-98E9-8C299F173825}.Ad-Hoc|Any CPU.Deploy.0 = Release|Any CPU
		{9027CBB0-DFFB-4DAE-98E9-8C299F173825}.Ad-Hoc|ARM.ActiveCfg = Release|ARM
		{9027CBB0-DFFB-4DAE-98E9-8C299F173825}.Ad-Hoc|ARM.Build.0 = Release|ARM
		{9027CBB0-DFFB-4DAE-98E9-8C299F173825}.Ad-Hoc|ARM.Deploy.0 = Release|ARM
		{9027CBB0-DFFB-4DAE-98E9-8C299F173825}.Ad-Hoc|iPhone.ActiveCfg = Release|Any CPU
		{9027CBB0-DFFB-4DAE-98E9-8C299F173825}.Ad-Hoc|iPhone.Build.0 = Release|Any CPU
		{9027CBB0-DFFB-4DAE-98E9-8C299F173825}.Ad-Hoc|iPhone.Deploy.0 = Release|Any CPU
		{9027CBB0-DFFB-4DAE-98E9-8C299F173825}.Ad-Hoc|iPhoneSimulator.ActiveCfg = Release|Any CPU
		{9027CBB0-DFFB-4DAE-98E9-8C299F173825}.Ad-Hoc|iPhoneSimulator.Build.0 = Release|Any CPU
		{9027CBB0-DFFB-4DAE-98E9-8C299F173825}.Ad-Hoc|iPhoneSimulator.Deploy.0 = Release|Any CPU
		{9027CBB0-DFFB-4DAE-98E9-8C299F173825}.Ad-Hoc|x64.ActiveCfg = Release|x64
		{9027CBB0-DFFB-4DAE-98E9-8C299F173825}.Ad-Hoc|x64.Build.0 = Release|x64
		{9027CBB0-DFFB-4DAE-98E9-8C299F173825}.Ad-Hoc|x64.Deploy.0 = Release|x64
		{9027CBB0-DFFB-4DAE-98E9-8C299F173825}.Ad-Hoc|x86.ActiveCfg = Release|x86
		{9027CBB0-DFFB-4DAE-98E9-8C299F173825}.Ad-Hoc|x86.Build.0 = Release|x86
		{9027CBB0-DFFB-4DAE-98E9-8C299F173825}.Ad-Hoc|x86.Deploy.0 = Release|x86
		{9027CBB0-DFFB-4DAE-98E9-8C299F173825}.AppStore|Any CPU.ActiveCfg = Release|Any CPU
		{9027CBB0-DFFB-4DAE-98E9-8C299F173825}.AppStore|Any CPU.Build.0 = Release|Any CPU
		{9027CBB0-DFFB-4DAE-98E9-8C299F173825}.AppStore|Any CPU.Deploy.0 = Release|Any CPU
		{9027CBB0-DFFB-4DAE-98E9-8C299F173825}.AppStore|ARM.ActiveCfg = Release|ARM
		{9027CBB0-DFFB-4DAE-98E9-8C299F173825}.AppStore|ARM.Build.0 = Release|ARM
		{9027CBB0-DFFB-4DAE-98E9-8C299F173825}.AppStore|ARM.Deploy.0 = Release|ARM
		{9027CBB0-DFFB-4DAE-98E9-8C299F173825}.AppStore|iPhone.ActiveCfg = Release|Any CPU
		{9027CBB0-DFFB-4DAE-98E9-8C299F173825}.AppStore|iPhone.Build.0 = Release|Any CPU
		{9027CBB0-DFFB-4DAE-98E9-8C299F173825}.AppStore|iPhone.Deploy.0 = Release|Any CPU
		{9027CBB0-DFFB-4DAE-98E9-8C299F173825}.AppStore|iPhoneSimulator.ActiveCfg = Release|Any CPU
		{9027CBB0-DFFB-4DAE-98E9-8C299F173825}.AppStore|iPhoneSimulator.Build.0 = Release|Any CPU
		{9027CBB0-DFFB-4DAE-98E9-8C299F173825}.AppStore|iPhoneSimulator.Deploy.0 = Release|Any CPU
		{9027CBB0-DFFB-4DAE-98E9-8C299F173825}.AppStore|x64.ActiveCfg = Release|x64
		{9027CBB0-DFFB-4DAE-98E9-8C299F173825}.AppStore|x64.Build.0 = Release|x64
		{9027CBB0-DFFB-4DAE-98E9-8C299F173825}.AppStore|x64.Deploy.0 = Release|x64
		{9027CBB0-DFFB-4DAE-98E9-8C299F173825}.AppStore|x86.ActiveCfg = Release|x86
		{9027CBB0-DFFB-4DAE-98E9-8C299F173825}.AppStore|x86.Build.0 = Release|x86
		{9027CBB0-DFFB-4DAE-98E9-8C299F173825}.AppStore|x86.Deploy.0 = Release|x86
		{9027CBB0-DFFB-4DAE-98E9-8C299F173825}.Debug|Any CPU.ActiveCfg = Debug|Any CPU
		{9027CBB0-DFFB-4DAE-98E9-8C299F173825}.Debug|Any CPU.Build.0 = Debug|Any CPU
		{9027CBB0-DFFB-4DAE-98E9-8C299F173825}.Debug|Any CPU.Deploy.0 = Debug|Any CPU
		{9027CBB0-DFFB-4DAE-98E9-8C299F173825}.Debug|ARM.ActiveCfg = Debug|ARM
		{9027CBB0-DFFB-4DAE-98E9-8C299F173825}.Debug|ARM.Build.0 = Debug|ARM
		{9027CBB0-DFFB-4DAE-98E9-8C299F173825}.Debug|ARM.Deploy.0 = Debug|ARM
		{9027CBB0-DFFB-4DAE-98E9-8C299F173825}.Debug|iPhone.ActiveCfg = Debug|Any CPU
		{9027CBB0-DFFB-4DAE-98E9-8C299F173825}.Debug|iPhone.Build.0 = Debug|Any CPU
		{9027CBB0-DFFB-4DAE-98E9-8C299F173825}.Debug|iPhone.Deploy.0 = Debug|Any CPU
		{9027CBB0-DFFB-4DAE-98E9-8C299F173825}.Debug|iPhoneSimulator.ActiveCfg = Debug|Any CPU
		{9027CBB0-DFFB-4DAE-98E9-8C299F173825}.Debug|iPhoneSimulator.Build.0 = Debug|Any CPU
		{9027CBB0-DFFB-4DAE-98E9-8C299F173825}.Debug|iPhoneSimulator.Deploy.0 = Debug|Any CPU
		{9027CBB0-DFFB-4DAE-98E9-8C299F173825}.Debug|x64.ActiveCfg = Debug|x64
		{9027CBB0-DFFB-4DAE-98E9-8C299F173825}.Debug|x64.Build.0 = Debug|x64
		{9027CBB0-DFFB-4DAE-98E9-8C299F173825}.Debug|x64.Deploy.0 = Debug|x64
		{9027CBB0-DFFB-4DAE-98E9-8C299F173825}.Debug|x86.ActiveCfg = Debug|x86
		{9027CBB0-DFFB-4DAE-98E9-8C299F173825}.Debug|x86.Build.0 = Debug|x86
		{9027CBB0-DFFB-4DAE-98E9-8C299F173825}.Debug|x86.Deploy.0 = Debug|x86
		{9027CBB0-DFFB-4DAE-98E9-8C299F173825}.Release|Any CPU.ActiveCfg = Release|Any CPU
		{9027CBB0-DFFB-4DAE-98E9-8C299F173825}.Release|Any CPU.Build.0 = Release|Any CPU
		{9027CBB0-DFFB-4DAE-98E9-8C299F173825}.Release|Any CPU.Deploy.0 = Release|Any CPU
		{9027CBB0-DFFB-4DAE-98E9-8C299F173825}.Release|ARM.ActiveCfg = Release|ARM
		{9027CBB0-DFFB-4DAE-98E9-8C299F173825}.Release|ARM.Build.0 = Release|ARM
		{9027CBB0-DFFB-4DAE-98E9-8C299F173825}.Release|ARM.Deploy.0 = Release|ARM
		{9027CBB0-DFFB-4DAE-98E9-8C299F173825}.Release|iPhone.ActiveCfg = Release|Any CPU
		{9027CBB0-DFFB-4DAE-98E9-8C299F173825}.Release|iPhone.Build.0 = Release|Any CPU
		{9027CBB0-DFFB-4DAE-98E9-8C299F173825}.Release|iPhone.Deploy.0 = Release|Any CPU
		{9027CBB0-DFFB-4DAE-98E9-8C299F173825}.Release|iPhoneSimulator.ActiveCfg = Release|Any CPU
		{9027CBB0-DFFB-4DAE-98E9-8C299F173825}.Release|iPhoneSimulator.Build.0 = Release|Any CPU
		{9027CBB0-DFFB-4DAE-98E9-8C299F173825}.Release|iPhoneSimulator.Deploy.0 = Release|Any CPU
		{9027CBB0-DFFB-4DAE-98E9-8C299F173825}.Release|x64.ActiveCfg = Release|x64
		{9027CBB0-DFFB-4DAE-98E9-8C299F173825}.Release|x64.Build.0 = Release|x64
		{9027CBB0-DFFB-4DAE-98E9-8C299F173825}.Release|x64.Deploy.0 = Release|x64
		{9027CBB0-DFFB-4DAE-98E9-8C299F173825}.Release|x86.ActiveCfg = Release|x86
		{9027CBB0-DFFB-4DAE-98E9-8C299F173825}.Release|x86.Build.0 = Release|x86
		{9027CBB0-DFFB-4DAE-98E9-8C299F173825}.Release|x86.Deploy.0 = Release|x86
	EndGlobalSection
	GlobalSection(SolutionProperties) = preSolution
		HideSolutionNode = FALSE
	EndGlobalSection
EndGlobal
